{
  "name": "ads-device-monitor",
  "version": "1.0.0",
  "lockfileVersion": 2,
  "requires": true,
  "packages": {
    "": {
      "name": "ads-device-monitor",
      "version": "1.0.0",
      "license": "ISC",
      "dependencies": {
        "axios": "^1.3.0",
        "cors": "^2.8.5",
        "dotenv": "^16.0.3",
        "express": "^4.18.2",
        "google-ads-api": "^12.0.0",
        "google-auth-library": "^8.7.0",
        "jsonwebtoken": "^9.0.0"
      }
    }
  },
  "dependencies": {
    "axios": {
      "version": "1.3.0",
      "resolved": "https://registry.npmjs.org/axios/-/axios-1.3.0.tgz",
      "integrity": "sha512-unknown"
    },
    "cors": {
      "version": "2.8.5",
      "resolved": "https://registry.npmjs.org/cors/-/cors-2.8.5.tgz",
      "integrity": "sha512-unknown"
    },
    "dotenv": {
      "version": "16.0.3",
      "resolved": "https://registry.npmjs.org/dotenv/-/dotenv-16.0.3.tgz",
      "integrity": "sha512-unknown"
    },
    "express": {
      "version": "4.18.2",
      "resolved": "https://registry.npmjs.org/express/-/express-4.18.2.tgz",
      "integrity": "sha512-unknown"
    },
    "google-ads-api": {
      "version": "12.0.0",
      "resolved": "https://registry.npmjs.org/google-ads-api/-/google-ads-api-12.0.0.tgz",
      "integrity": "sha512-unknown"
    },
    "google-auth-library": {
      "version": "8.7.0",
      "resolved": "https://registry.npmjs.org/google-auth-library/-/google-auth-library-8.7.0.tgz",
      "integrity": "sha512-unknown"
    },
    "jsonwebtoken": {
      "version": "9.0.0",
      "resolved": "https://registry.npmjs.org/jsonwebtoken/-/jsonwebtoken-9.0.0.tgz",
      "integrity": "sha512-unknown"
    }
  }
}
